
Microsoft Visual Studio Solution File, Format Version 12.00
# Visual Studio Version 16
VisualStudioVersion = 16.0.31624.102
MinimumVisualStudioVersion = 10.0.40219.1
Project("{FAE04EC0-301F-11D3-BF4B-00C04F79EFBC}") = "Class_work", "lesson_18_09_21\Class_work.csproj", "{F0F0889E-1E7C-4B64-BD60-E5B8B33F4234}"
EndProject
Project("{FAE04EC0-301F-11D3-BF4B-00C04F79EFBC}") = "Lab_2", "Lab_2\Lab_2.csproj", "{9096D9AE-D753-4485-BA32-FE4982FC5C60}"
EndProject
Project("{FAE04EC0-301F-11D3-BF4B-00C04F79EFBC}") = "Home_work", "Home_work\Home_work.csproj", "{41CD900D-6FCC-48F7-88D6-8CF86606E4A4}"
EndProject
Global
	GlobalSection(SolutionConfigurationPlatforms) = preSolution
		Debug|Any CPU = Debug|Any CPU
		Release|Any CPU = Release|Any CPU
	EndGlobalSection
	GlobalSection(ProjectConfigurationPlatforms) = postSolution
		{F0F0889E-1E7C-4B64-BD60-E5B8B33F4234}.Debug|Any CPU.ActiveCfg = Debug|Any CPU
		{F0F0889E-1E7C-4B64-BD60-E5B8B33F4234}.Debug|Any CPU.Build.0 = Debug|Any CPU
		{F0F0889E-1E7C-4B64-BD60-E5B8B33F4234}.Release|Any CPU.ActiveCfg = Release|Any CPU
		{F0F0889E-1E7C-4B64-BD60-E5B8B33F4234}.Release|Any CPU.Build.0 = Release|Any CPU
		{9096D9AE-D753-4485-BA32-FE4982FC5C60}.Debug|Any CPU.ActiveCfg = Debug|Any CPU
		{9096D9AE-D753-4485-BA32-FE4982FC5C60}.Debug|Any CPU.Build.0 = Debug|Any CPU
		{9096D9AE-D753-4485-BA32-FE4982FC5C60}.Release|Any CPU.ActiveCfg = Release|Any CPU
		{9096D9AE-D753-4485-BA32-FE4982FC5C60}.Release|Any CPU.Build.0 = Release|Any CPU
		{41CD900D-6FCC-48F7-88D6-8CF86606E4A4}.Debug|Any CPU.ActiveCfg = Debug|Any CPU
		{41CD900D-6FCC-48F7-88D6-8CF86606E4A4}.Debug|Any CPU.Build.0 = Debug|Any CPU
		{41CD900D-6FCC-48F7-88D6-8CF86606E4A4}.Release|Any CPU.ActiveCfg = Release|Any CPU
		{41CD900D-6FCC-48F7-88D6-8CF86606E4A4}.Release|Any CPU.Build.0 = Release|Any CPU
	EndGlobalSection
	GlobalSection(SolutionProperties) = preSolution
		HideSolutionNode = FALSE
	EndGlobalSection
	GlobalSection(ExtensibilityGlobals) = postSolution
		SolutionGuid = {2F7ECE47-4673-4C6A-A419-436E5798AA60}
	EndGlobalSection
EndGlobal
